// !$*UTF8*$!
{
	archiveVersion = 1;
	classes = {
	};
	objectVersion = 48;
	objects = {

/* Begin PBXBuildFile section */
		453D7038B191BA22A29B29AE /* Pods_flixTests.framework in Frameworks */ = {isa = PBXBuildFile; fileRef = 666AFDD7DFB97EE2A56EDBDA /* Pods_flixTests.framework */; };
		6B53481E19FE1144E4BA618B /* Pods_flixUITests.framework in Frameworks */ = {isa = PBXBuildFile; fileRef = 5ACE2EE3C905B09481422031 /* Pods_flixUITests.framework */; };
		79A2C7000192330DAEF4AA9C /* Pods_flix.framework in Frameworks */ = {isa = PBXBuildFile; fileRef = 399DF50871F63304375EF22E /* Pods_flix.framework */; };
		96965349214031BC0002314C /* AppDelegate.swift in Sources */ = {isa = PBXBuildFile; fileRef = 96965348214031BC0002314C /* AppDelegate.swift */; };
		9696534E214031BC0002314C /* Main.storyboard in Resources */ = {isa = PBXBuildFile; fileRef = 9696534C214031BC0002314C /* Main.storyboard */; };
		96965350214031BC0002314C /* Assets.xcassets in Resources */ = {isa = PBXBuildFile; fileRef = 9696534F214031BC0002314C /* Assets.xcassets */; };
		96965353214031BC0002314C /* LaunchScreen.storyboard in Resources */ = {isa = PBXBuildFile; fileRef = 96965351214031BC0002314C /* LaunchScreen.storyboard */; };
		9696535E214031BC0002314C /* flixTests.swift in Sources */ = {isa = PBXBuildFile; fileRef = 9696535D214031BC0002314C /* flixTests.swift */; };
		96965369214031BC0002314C /* flixUITests.swift in Sources */ = {isa = PBXBuildFile; fileRef = 96965368214031BC0002314C /* flixUITests.swift */; };
		9696537721403CA90002314C /* NowPlayingViewController.swift in Sources */ = {isa = PBXBuildFile; fileRef = 9696537621403CA90002314C /* NowPlayingViewController.swift */; };
		96E5F7462142D3D200D63BF6 /* Podfile in Resources */ = {isa = PBXBuildFile; fileRef = 96E5F7452142D3D200D63BF6 /* Podfile */; };
		D12293AF2151107F007A093B /* PosterCell.swift in Sources */ = {isa = PBXBuildFile; fileRef = D12293AE2151107F007A093B /* PosterCell.swift */; };
		D12293B12151110A007A093B /* SuperheroViewController.swift in Sources */ = {isa = PBXBuildFile; fileRef = D12293B02151110A007A093B /* SuperheroViewController.swift */; };
		D16A5A68214C1631003F5464 /* DetailViewController.swift in Sources */ = {isa = PBXBuildFile; fileRef = D16A5A67214C1631003F5464 /* DetailViewController.swift */; };
		D1AAC0E421488DA80005A0A1 /* MovieCell.swift in Sources */ = {isa = PBXBuildFile; fileRef = D1AAC0E321488DA80005A0A1 /* MovieCell.swift */; };
/* End PBXBuildFile section */

/* Begin PBXContainerItemProxy section */
		9696535A214031BC0002314C /* PBXContainerItemProxy */ = {
			isa = PBXContainerItemProxy;
			containerPortal = 9696533D214031BC0002314C /* Project object */;
			proxyType = 1;
			remoteGlobalIDString = 96965344214031BC0002314C;
			remoteInfo = flix;
		};
		96965365214031BC0002314C /* PBXContainerItemProxy */ = {
			isa = PBXContainerItemProxy;
			containerPortal = 9696533D214031BC0002314C /* Project object */;
			proxyType = 1;
			remoteGlobalIDString = 96965344214031BC0002314C;
			remoteInfo = flix;
		};
/* End PBXContainerItemProxy section */

/* Begin PBXFileReference section */
		31CBE3DF065DD030B03460D3 /* Pods-flix.release.xcconfig */ = {isa = PBXFileReference; includeInIndex = 1; lastKnownFileType = text.xcconfig; name = "Pods-flix.release.xcconfig"; path = "Pods/Target Support Files/Pods-flix/Pods-flix.release.xcconfig"; sourceTree = "<group>"; };
		399DF50871F63304375EF22E /* Pods_flix.framework */ = {isa = PBXFileReference; explicitFileType = wrapper.framework; includeInIndex = 0; path = Pods_flix.framework; sourceTree = BUILT_PRODUCTS_DIR; };
		5ACE2EE3C905B09481422031 /* Pods_flixUITests.framework */ = {isa = PBXFileReference; explicitFileType = wrapper.framework; includeInIndex = 0; path = Pods_flixUITests.framework; sourceTree = BUILT_PRODUCTS_DIR; };
		666AFDD7DFB97EE2A56EDBDA /* Pods_flixTests.framework */ = {isa = PBXFileReference; explicitFileType = wrapper.framework; includeInIndex = 0; path = Pods_flixTests.framework; sourceTree = BUILT_PRODUCTS_DIR; };
		67179498316885CF15F9824C /* Pods-flixTests.release.xcconfig */ = {isa = PBXFileReference; includeInIndex = 1; lastKnownFileType = text.xcconfig; name = "Pods-flixTests.release.xcconfig"; path = "Pods/Target Support Files/Pods-flixTests/Pods-flixTests.release.xcconfig"; sourceTree = "<group>"; };
		929909D8EC86E129D3E38E65 /* Pods-flix.debug.xcconfig */ = {isa = PBXFileReference; includeInIndex = 1; lastKnownFileType = text.xcconfig; name = "Pods-flix.debug.xcconfig"; path = "Pods/Target Support Files/Pods-flix/Pods-flix.debug.xcconfig"; sourceTree = "<group>"; };
		96965345214031BC0002314C /* flix.app */ = {isa = PBXFileReference; explicitFileType = wrapper.application; includeInIndex = 0; path = flix.app; sourceTree = BUILT_PRODUCTS_DIR; };
		96965348214031BC0002314C /* AppDelegate.swift */ = {isa = PBXFileReference; lastKnownFileType = sourcecode.swift; path = AppDelegate.swift; sourceTree = "<group>"; };
		9696534D214031BC0002314C /* Base */ = {isa = PBXFileReference; lastKnownFileType = file.storyboard; name = Base; path = Base.lproj/Main.storyboard; sourceTree = "<group>"; };
		9696534F214031BC0002314C /* Assets.xcassets */ = {isa = PBXFileReference; lastKnownFileType = folder.assetcatalog; path = Assets.xcassets; sourceTree = "<group>"; };
		96965352214031BC0002314C /* Base */ = {isa = PBXFileReference; lastKnownFileType = file.storyboard; name = Base; path = Base.lproj/LaunchScreen.storyboard; sourceTree = "<group>"; };
		96965354214031BC0002314C /* Info.plist */ = {isa = PBXFileReference; lastKnownFileType = text.plist.xml; path = Info.plist; sourceTree = "<group>"; };
		96965359214031BC0002314C /* flixTests.xctest */ = {isa = PBXFileReference; explicitFileType = wrapper.cfbundle; includeInIndex = 0; path = flixTests.xctest; sourceTree = BUILT_PRODUCTS_DIR; };
		9696535D214031BC0002314C /* flixTests.swift */ = {isa = PBXFileReference; lastKnownFileType = sourcecode.swift; path = flixTests.swift; sourceTree = "<group>"; };
		9696535F214031BC0002314C /* Info.plist */ = {isa = PBXFileReference; lastKnownFileType = text.plist.xml; path = Info.plist; sourceTree = "<group>"; };
		96965364214031BC0002314C /* flixUITests.xctest */ = {isa = PBXFileReference; explicitFileType = wrapper.cfbundle; includeInIndex = 0; path = flixUITests.xctest; sourceTree = BUILT_PRODUCTS_DIR; };
		96965368214031BC0002314C /* flixUITests.swift */ = {isa = PBXFileReference; lastKnownFileType = sourcecode.swift; path = flixUITests.swift; sourceTree = "<group>"; };
		9696536A214031BC0002314C /* Info.plist */ = {isa = PBXFileReference; lastKnownFileType = text.plist.xml; path = Info.plist; sourceTree = "<group>"; };
		9696537621403CA90002314C /* NowPlayingViewController.swift */ = {isa = PBXFileReference; lastKnownFileType = sourcecode.swift; path = NowPlayingViewController.swift; sourceTree = "<group>"; };
		96E5F7452142D3D200D63BF6 /* Podfile */ = {isa = PBXFileReference; fileEncoding = 4; lastKnownFileType = text; path = Podfile; sourceTree = "<group>"; };
		A4C9A4C03180288293DAD9C6 /* Pods-flixUITests.release.xcconfig */ = {isa = PBXFileReference; includeInIndex = 1; lastKnownFileType = text.xcconfig; name = "Pods-flixUITests.release.xcconfig"; path = "Pods/Target Support Files/Pods-flixUITests/Pods-flixUITests.release.xcconfig"; sourceTree = "<group>"; };
		B1E83B46F3B6F9723FE2BEBC /* Pods-flixTests.debug.xcconfig */ = {isa = PBXFileReference; includeInIndex = 1; lastKnownFileType = text.xcconfig; name = "Pods-flixTests.debug.xcconfig"; path = "Pods/Target Support Files/Pods-flixTests/Pods-flixTests.debug.xcconfig"; sourceTree = "<group>"; };
		BADD6D5F4FD741F714B6ED41 /* Pods-flixUITests.debug.xcconfig */ = {isa = PBXFileReference; includeInIndex = 1; lastKnownFileType = text.xcconfig; name = "Pods-flixUITests.debug.xcconfig"; path = "Pods/Target Support Files/Pods-flixUITests/Pods-flixUITests.debug.xcconfig"; sourceTree = "<group>"; };
		D12293AE2151107F007A093B /* PosterCell.swift */ = {isa = PBXFileReference; lastKnownFileType = sourcecode.swift; path = PosterCell.swift; sourceTree = "<group>"; };
		D12293B02151110A007A093B /* SuperheroViewController.swift */ = {isa = PBXFileReference; lastKnownFileType = sourcecode.swift; path = SuperheroViewController.swift; sourceTree = "<group>"; };
		D16A5A67214C1631003F5464 /* DetailViewController.swift */ = {isa = PBXFileReference; lastKnownFileType = sourcecode.swift; path = DetailViewController.swift; sourceTree = "<group>"; };
		D1AAC0E321488DA80005A0A1 /* MovieCell.swift */ = {isa = PBXFileReference; lastKnownFileType = sourcecode.swift; path = MovieCell.swift; sourceTree = "<group>"; };
/* End PBXFileReference section */

/* Begin PBXFrameworksBuildPhase section */
		96965342214031BC0002314C /* Frameworks */ = {
			isa = PBXFrameworksBuildPhase;
			buildActionMask = 2147483647;
			files = (
				79A2C7000192330DAEF4AA9C /* Pods_flix.framework in Frameworks */,
			);
			runOnlyForDeploymentPostprocessing = 0;
		};
		96965356214031BC0002314C /* Frameworks */ = {
			isa = PBXFrameworksBuildPhase;
			buildActionMask = 2147483647;
			files = (
				453D7038B191BA22A29B29AE /* Pods_flixTests.framework in Frameworks */,
			);
			runOnlyForDeploymentPostprocessing = 0;
		};
		96965361214031BC0002314C /* Frameworks */ = {
			isa = PBXFrameworksBuildPhase;
			buildActionMask = 2147483647;
			files = (
				6B53481E19FE1144E4BA618B /* Pods_flixUITests.framework in Frameworks */,
			);
			runOnlyForDeploymentPostprocessing = 0;
		};
/* End PBXFrameworksBuildPhase section */

/* Begin PBXGroup section */
		3404F3F4CBD869C447074E2F /* Pods */ = {
			isa = PBXGroup;
			children = (
				929909D8EC86E129D3E38E65 /* Pods-flix.debug.xcconfig */,
				31CBE3DF065DD030B03460D3 /* Pods-flix.release.xcconfig */,
				B1E83B46F3B6F9723FE2BEBC /* Pods-flixTests.debug.xcconfig */,
				67179498316885CF15F9824C /* Pods-flixTests.release.xcconfig */,
				BADD6D5F4FD741F714B6ED41 /* Pods-flixUITests.debug.xcconfig */,
				A4C9A4C03180288293DAD9C6 /* Pods-flixUITests.release.xcconfig */,
			);
			name = Pods;
			sourceTree = "<group>";
		};
		9696533C214031BC0002314C = {
			isa = PBXGroup;
			children = (
				96965347214031BC0002314C /* flix */,
				9696535C214031BC0002314C /* flixTests */,
				96965367214031BC0002314C /* flixUITests */,
				96965346214031BC0002314C /* Products */,
				3404F3F4CBD869C447074E2F /* Pods */,
				EE27934F9EF88A3D0688D31E /* Frameworks */,
			);
			sourceTree = "<group>";
		};
		96965346214031BC0002314C /* Products */ = {
			isa = PBXGroup;
			children = (
				96965345214031BC0002314C /* flix.app */,
				96965359214031BC0002314C /* flixTests.xctest */,
				96965364214031BC0002314C /* flixUITests.xctest */,
			);
			name = Products;
			sourceTree = "<group>";
		};
		96965347214031BC0002314C /* flix */ = {
			isa = PBXGroup;
			children = (
				D16A5A66214C15AF003F5464 /* Views */,
				D16A5A64214C158E003F5464 /* ViewControllers */,
				96965348214031BC0002314C /* AppDelegate.swift */,
				9696534C214031BC0002314C /* Main.storyboard */,
				9696534F214031BC0002314C /* Assets.xcassets */,
				96965351214031BC0002314C /* LaunchScreen.storyboard */,
				96965354214031BC0002314C /* Info.plist */,
			);
			path = flix;
			sourceTree = "<group>";
		};
		9696535C214031BC0002314C /* flixTests */ = {
			isa = PBXGroup;
			children = (
				9696535D214031BC0002314C /* flixTests.swift */,
				9696535F214031BC0002314C /* Info.plist */,
			);
			path = flixTests;
			sourceTree = "<group>";
		};
		96965367214031BC0002314C /* flixUITests */ = {
			isa = PBXGroup;
			children = (
				96965368214031BC0002314C /* flixUITests.swift */,
				9696536A214031BC0002314C /* Info.plist */,
			);
			path = flixUITests;
			sourceTree = "<group>";
		};
		D16A5A64214C158E003F5464 /* ViewControllers */ = {
			isa = PBXGroup;
			children = (
				9696537621403CA90002314C /* NowPlayingViewController.swift */,
				D16A5A67214C1631003F5464 /* DetailViewController.swift */,
				D12293B02151110A007A093B /* SuperheroViewController.swift */,
			);
			name = ViewControllers;
			path = ViewController;
			sourceTree = "<group>";
		};
		D16A5A66214C15AF003F5464 /* Views */ = {
			isa = PBXGroup;
			children = (
				D1AAC0E321488DA80005A0A1 /* MovieCell.swift */,
				D12293AE2151107F007A093B /* PosterCell.swift */,
			);
			path = Views;
			sourceTree = "<group>";
		};
		EE27934F9EF88A3D0688D31E /* Frameworks */ = {
			isa = PBXGroup;
			children = (
				96E5F7452142D3D200D63BF6 /* Podfile */,
				399DF50871F63304375EF22E /* Pods_flix.framework */,
				666AFDD7DFB97EE2A56EDBDA /* Pods_flixTests.framework */,
				5ACE2EE3C905B09481422031 /* Pods_flixUITests.framework */,
			);
			name = Frameworks;
			sourceTree = "<group>";
		};
/* End PBXGroup section */

/* Begin PBXNativeTarget section */
		96965344214031BC0002314C /* flix */ = {
			isa = PBXNativeTarget;
			buildConfigurationList = 9696536D214031BC0002314C /* Build configuration list for PBXNativeTarget "flix" */;
			buildPhases = (
				34870958949581108E5B3AD8 /* [CP] Check Pods Manifest.lock */,
				96965341214031BC0002314C /* Sources */,
				96965342214031BC0002314C /* Frameworks */,
				96965343214031BC0002314C /* Resources */,
				33445D750B565101BAACD26A /* [CP] Embed Pods Frameworks */,
			);
			buildRules = (
			);
			dependencies = (
			);
			name = flix;
			productName = flix;
			productReference = 96965345214031BC0002314C /* flix.app */;
			productType = "com.apple.product-type.application";
		};
		96965358214031BC0002314C /* flixTests */ = {
			isa = PBXNativeTarget;
			buildConfigurationList = 96965370214031BC0002314C /* Build configuration list for PBXNativeTarget "flixTests" */;
			buildPhases = (
				2D4B3AE0473D20B49795757C /* [CP] Check Pods Manifest.lock */,
				96965355214031BC0002314C /* Sources */,
				96965356214031BC0002314C /* Frameworks */,
				96965357214031BC0002314C /* Resources */,
			);
			buildRules = (
			);
			dependencies = (
				9696535B214031BC0002314C /* PBXTargetDependency */,
			);
			name = flixTests;
			productName = flixTests;
			productReference = 96965359214031BC0002314C /* flixTests.xctest */;
			productType = "com.apple.product-type.bundle.unit-test";
		};
		96965363214031BC0002314C /* flixUITests */ = {
			isa = PBXNativeTarget;
			buildConfigurationList = 96965373214031BC0002314C /* Build configuration list for PBXNativeTarget "flixUITests" */;
			buildPhases = (
				E5F87DC829CB415EC5DE3879 /* [CP] Check Pods Manifest.lock */,
				96965360214031BC0002314C /* Sources */,
				96965361214031BC0002314C /* Frameworks */,
				96965362214031BC0002314C /* Resources */,
			);
			buildRules = (
			);
			dependencies = (
				96965366214031BC0002314C /* PBXTargetDependency */,
			);
			name = flixUITests;
			productName = flixUITests;
			productReference = 96965364214031BC0002314C /* flixUITests.xctest */;
			productType = "com.apple.product-type.bundle.ui-testing";
		};
/* End PBXNativeTarget section */

/* Begin PBXProject section */
		9696533D214031BC0002314C /* Project object */ = {
			isa = PBXProject;
			attributes = {
				LastSwiftUpdateCheck = 0920;
				LastUpgradeCheck = 0940;
				ORGANIZATIONNAME = "Brandon Shimizu";
				TargetAttributes = {
					96965344214031BC0002314C = {
						CreatedOnToolsVersion = 9.2;
						ProvisioningStyle = Automatic;
					};
					96965358214031BC0002314C = {
						CreatedOnToolsVersion = 9.2;
						ProvisioningStyle = Automatic;
						TestTargetID = 96965344214031BC0002314C;
					};
					96965363214031BC0002314C = {
						CreatedOnToolsVersion = 9.2;
						ProvisioningStyle = Automatic;
						TestTargetID = 96965344214031BC0002314C;
					};
				};
			};
			buildConfigurationList = 96965340214031BC0002314C /* Build configuration list for PBXProject "flix" */;
			compatibilityVersion = "Xcode 8.0";
			developmentRegion = en;
			hasScannedForEncodings = 0;
			knownRegions = (
				en,
				Base,
			);
			mainGroup = 9696533C214031BC0002314C;
			productRefGroup = 96965346214031BC0002314C /* Products */;
			projectDirPath = "";
			projectRoot = "";
			targets = (
				96965344214031BC0002314C /* flix */,
				96965358214031BC0002314C /* flixTests */,
				96965363214031BC0002314C /* flixUITests */,
			);
		};
/* End PBXProject section */

/* Begin PBXResourcesBuildPhase section */
		96965343214031BC0002314C /* Resources */ = {
			isa = PBXResourcesBuildPhase;
			buildActionMask = 2147483647;
			files = (
				96965353214031BC0002314C /* LaunchScreen.storyboard in Resources */,
				96965350214031BC0002314C /* Assets.xcassets in Resources */,
				96E5F7462142D3D200D63BF6 /* Podfile in Resources */,
				9696534E214031BC0002314C /* Main.storyboard in Resources */,
			);
			runOnlyForDeploymentPostprocessing = 0;
		};
		96965357214031BC0002314C /* Resources */ = {
			isa = PBXResourcesBuildPhase;
			buildActionMask = 2147483647;
			files = (
			);
			runOnlyForDeploymentPostprocessing = 0;
		};
		96965362214031BC0002314C /* Resources */ = {
			isa = PBXResourcesBuildPhase;
			buildActionMask = 2147483647;
			files = (
			);
			runOnlyForDeploymentPostprocessing = 0;
		};
/* End PBXResourcesBuildPhase section */

/* Begin PBXShellScriptBuildPhase section */
		2D4B3AE0473D20B49795757C /* [CP] Check Pods Manifest.lock */ = {
			isa = PBXShellScriptBuildPhase;
			buildActionMask = 2147483647;
			files = (
			);
			inputPaths = (
				"${PODS_PODFILE_DIR_PATH}/Podfile.lock",
				"${PODS_ROOT}/Manifest.lock",
			);
			name = "[CP] Check Pods Manifest.lock";
			outputPaths = (
				"$(DERIVED_FILE_DIR)/Pods-flixTests-checkManifestLockResult.txt",
			);
			runOnlyForDeploymentPostprocessing = 0;
			shellPath = /bin/sh;
			shellScript = "diff \"${PODS_PODFILE_DIR_PATH}/Podfile.lock\" \"${PODS_ROOT}/Manifest.lock\" > /dev/null\nif [ $? != 0 ] ; then\n    # print error to STDERR\n    echo \"error: The sandbox is not in sync with the Podfile.lock. Run 'pod install' or update your CocoaPods installation.\" >&2\n    exit 1\nfi\n# This output is used by Xcode 'outputs' to avoid re-running this script phase.\necho \"SUCCESS\" > \"${SCRIPT_OUTPUT_FILE_0}\"\n";
			showEnvVarsInLog = 0;
		};
		33445D750B565101BAACD26A /* [CP] Embed Pods Frameworks */ = {
			isa = PBXShellScriptBuildPhase;
			buildActionMask = 2147483647;
			files = (
			);
			inputPaths = (
				"${SRCROOT}/Pods/Target Support Files/Pods-flix/Pods-flix-frameworks.sh",
				"${BUILT_PRODUCTS_DIR}/Alamofire/Alamofire.framework",
				"${BUILT_PRODUCTS_DIR}/AlamofireImage/AlamofireImage.framework",
			);
			name = "[CP] Embed Pods Frameworks";
			outputPaths = (
				"${TARGET_BUILD_DIR}/${FRAMEWORKS_FOLDER_PATH}/Alamofire.framework",
				"${TARGET_BUILD_DIR}/${FRAMEWORKS_FOLDER_PATH}/AlamofireImage.framework",
			);
			runOnlyForDeploymentPostprocessing = 0;
			shellPath = /bin/sh;
			shellScript = "\"${SRCROOT}/Pods/Target Support Files/Pods-flix/Pods-flix-frameworks.sh\"\n";
			showEnvVarsInLog = 0;
		};
		34870958949581108E5B3AD8 /* [CP] Check Pods Manifest.lock */ = {
			isa = PBXShellScriptBuildPhase;
			buildActionMask = 2147483647;
			files = (
			);
			inputPaths = (
				"${PODS_PODFILE_DIR_PATH}/Podfile.lock",
				"${PODS_ROOT}/Manifest.lock",
			);
			name = "[CP] Check Pods Manifest.lock";
			outputPaths = (
				"$(DERIVED_FILE_DIR)/Pods-flix-checkManifestLockResult.txt",
			);
			runOnlyForDeploymentPostprocessing = 0;
			shellPath = /bin/sh;
			shellScript = "diff \"${PODS_PODFILE_DIR_PATH}/Podfile.lock\" \"${PODS_ROOT}/Manifest.lock\" > /dev/null\nif [ $? != 0 ] ; then\n    # print error to STDERR\n    echo \"error: The sandbox is not in sync with the Podfile.lock. Run 'pod install' or update your CocoaPods installation.\" >&2\n    exit 1\nfi\n# This output is used by Xcode 'outputs' to avoid re-running this script phase.\necho \"SUCCESS\" > \"${SCRIPT_OUTPUT_FILE_0}\"\n";
			showEnvVarsInLog = 0;
		};
		E5F87DC829CB415EC5DE3879 /* [CP] Check Pods Manifest.lock */ = {
			isa = PBXShellScriptBuildPhase;
			buildActionMask = 2147483647;
			files = (
			);
			inputPaths = (
				"${PODS_PODFILE_DIR_PATH}/Podfile.lock",
				"${PODS_ROOT}/Manifest.lock",
			);
			name = "[CP] Check Pods Manifest.lock";
			outputPaths = (
				"$(DERIVED_FILE_DIR)/Pods-flixUITests-checkManifestLockResult.txt",
			);
			runOnlyForDeploymentPostprocessing = 0;
			shellPath = /bin/sh;
			shellScript = "diff \"${PODS_PODFILE_DIR_PATH}/Podfile.lock\" \"${PODS_ROOT}/Manifest.lock\" > /dev/null\nif [ $? != 0 ] ; then\n    # print error to STDERR\n    echo \"error: The sandbox is not in sync with the Podfile.lock. Run 'pod install' or update your CocoaPods installation.\" >&2\n    exit 1\nfi\n# This output is used by Xcode 'outputs' to avoid re-running this script phase.\necho \"SUCCESS\" > \"${SCRIPT_OUTPUT_FILE_0}\"\n";
			showEnvVarsInLog = 0;
		};
/* End PBXShellScriptBuildPhase section */

/* Begin PBXSourcesBuildPhase section */
		96965341214031BC0002314C /* Sources */ = {
			isa = PBXSourcesBuildPhase;
			buildActionMask = 2147483647;
			files = (
				9696537721403CA90002314C /* NowPlayingViewController.swift in Sources */,
				D12293AF2151107F007A093B /* PosterCell.swift in Sources */,
				D12293B12151110A007A093B /* SuperheroViewController.swift in Sources */,
				96965349214031BC0002314C /* AppDelegate.swift in Sources */,
				D1AAC0E421488DA80005A0A1 /* MovieCell.swift in Sources */,
				D16A5A68214C1631003F5464 /* DetailViewController.swift in Sources */,
			);
			runOnlyForDeploymentPostprocessing = 0;
		};
		96965355214031BC0002314C /* Sources */ = {
			isa = PBXSourcesBuildPhase;
			buildActionMask = 2147483647;
			files = (
				9696535E214031BC0002314C /* flixTests.swift in Sources */,
			);
			runOnlyForDeploymentPostprocessing = 0;
		};
		96965360214031BC0002314C /* Sources */ = {
			isa = PBXSourcesBuildPhase;
			buildActionMask = 2147483647;
			files = (
				96965369214031BC0002314C /* flixUITests.swift in Sources */,
			);
			runOnlyForDeploymentPostprocessing = 0;
		};
/* End PBXSourcesBuildPhase section */

/* Begin PBXTargetDependency section */
		9696535B214031BC0002314C /* PBXTargetDependency */ = {
			isa = PBXTargetDependency;
			target = 96965344214031BC0002314C /* flix */;
			targetProxy = 9696535A214031BC0002314C /* PBXContainerItemProxy */;
		};
		96965366214031BC0002314C /* PBXTargetDependency */ = {
			isa = PBXTargetDependency;
			target = 96965344214031BC0002314C /* flix */;
			targetProxy = 96965365214031BC0002314C /* PBXContainerItemProxy */;
		};
/* End PBXTargetDependency section */

/* Begin PBXVariantGroup section */
		9696534C214031BC0002314C /* Main.storyboard */ = {
			isa = PBXVariantGroup;
			children = (
				9696534D214031BC0002314C /* Base */,
			);
			name = Main.storyboard;
			sourceTree = "<group>";
		};
		96965351214031BC0002314C /* LaunchScreen.storyboard */ = {
			isa = PBXVariantGroup;
			children = (
				96965352214031BC0002314C /* Base */,
			);
			name = LaunchScreen.storyboard;
			sourceTree = "<group>";
		};
/* End PBXVariantGroup section */

/* Begin XCBuildConfiguration section */
		9696536B214031BC0002314C /* Debug */ = {
			isa = XCBuildConfiguration;
			buildSettings = {
				ALWAYS_SEARCH_USER_PATHS = NO;
				CLANG_ANALYZER_NONNULL = YES;
				CLANG_ANALYZER_NUMBER_OBJECT_CONVERSION = YES_AGGRESSIVE;
				CLANG_CXX_LANGUAGE_STANDARD = "gnu++14";
				CLANG_CXX_LIBRARY = "libc++";
				CLANG_ENABLE_MODULES = YES;
				CLANG_ENABLE_OBJC_ARC = YES;
				CLANG_WARN_BLOCK_CAPTURE_AUTORELEASING = YES;
				CLANG_WARN_BOOL_CONVERSION = YES;
				CLANG_WARN_COMMA = YES;
				CLANG_WARN_CONSTANT_CONVERSION = YES;
				CLANG_WARN_DEPRECATED_OBJC_IMPLEMENTATIONS = YES;
				CLANG_WARN_DIRECT_OBJC_ISA_USAGE = YES_ERROR;
				CLANG_WARN_DOCUMENTATION_COMMENTS = YES;
				CLANG_WARN_EMPTY_BODY = YES;
				CLANG_WARN_ENUM_CONVERSION = YES;
				CLANG_WARN_INFINITE_RECURSION = YES;
				CLANG_WARN_INT_CONVERSION = YES;
				CLANG_WARN_NON_LITERAL_NULL_CONVERSION = YES;
				CLANG_WARN_OBJC_IMPLICIT_RETAIN_SELF = YES;
				CLANG_WARN_OBJC_LITERAL_CONVERSION = YES;
				CLANG_WARN_OBJC_ROOT_CLASS = YES_ERROR;
				CLANG_WARN_RANGE_LOOP_ANALYSIS = YES;
				CLANG_WARN_STRICT_PROTOTYPES = YES;
				CLANG_WARN_SUSPICIOUS_MOVE = YES;
				CLANG_WARN_UNGUARDED_AVAILABILITY = YES_AGGRESSIVE;
				CLANG_WARN_UNREACHABLE_CODE = YES;
				CLANG_WARN__DUPLICATE_METHOD_MATCH = YES;
				CODE_SIGN_IDENTITY = "iPhone Developer";
				COPY_PHASE_STRIP = NO;
				DEBUG_INFORMATION_FORMAT = dwarf;
				ENABLE_STRICT_OBJC_MSGSEND = YES;
				ENABLE_TESTABILITY = YES;
				GCC_C_LANGUAGE_STANDARD = gnu11;
				GCC_DYNAMIC_NO_PIC = NO;
				GCC_NO_COMMON_BLOCKS = YES;
				GCC_OPTIMIZATION_LEVEL = 0;
				GCC_PREPROCESSOR_DEFINITIONS = (
					"DEBUG=1",
					"$(inherited)",
				);
				GCC_WARN_64_TO_32_BIT_CONVERSION = YES;
				GCC_WARN_ABOUT_RETURN_TYPE = YES_ERROR;
				GCC_WARN_UNDECLARED_SELECTOR = YES;
				GCC_WARN_UNINITIALIZED_AUTOS = YES_AGGRESSIVE;
				GCC_WARN_UNUSED_FUNCTION = YES;
				GCC_WARN_UNUSED_VARIABLE = YES;
				IPHONEOS_DEPLOYMENT_TARGET = 11.2;
				MTL_ENABLE_DEBUG_INFO = YES;
				ONLY_ACTIVE_ARCH = YES;
				SDKROOT = iphoneos;
				SWIFT_ACTIVE_COMPILATION_CONDITIONS = DEBUG;
				SWIFT_OPTIMIZATION_LEVEL = "-Onone";
			};
			name = Debug;
		};
		9696536C214031BC0002314C /* Release */ = {
			isa = XCBuildConfiguration;
			buildSettings = {
				ALWAYS_SEARCH_USER_PATHS = NO;
				CLANG_ANALYZER_NONNULL = YES;
				CLANG_ANALYZER_NUMBER_OBJECT_CONVERSION = YES_AGGRESSIVE;
				CLANG_CXX_LANGUAGE_STANDARD = "gnu++14";
				CLANG_CXX_LIBRARY = "libc++";
				CLANG_ENABLE_MODULES = YES;
				CLANG_ENABLE_OBJC_ARC = YES;
				CLANG_WARN_BLOCK_CAPTURE_AUTORELEASING = YES;
				CLANG_WARN_BOOL_CONVERSION = YES;
				CLANG_WARN_COMMA = YES;
				CLANG_WARN_CONSTANT_CONVERSION = YES;
				CLANG_WARN_DEPRECATED_OBJC_IMPLEMENTATIONS = YES;
				CLANG_WARN_DIRECT_OBJC_ISA_USAGE = YES_ERROR;
				CLANG_WARN_DOCUMENTATION_COMMENTS = YES;
				CLANG_WARN_EMPTY_BODY = YES;
				CLANG_WARN_ENUM_CONVERSION = YES;
				CLANG_WARN_INFINITE_RECURSION = YES;
				CLANG_WARN_INT_CONVERSION = YES;
				CLANG_WARN_NON_LITERAL_NULL_CONVERSION = YES;
				CLANG_WARN_OBJC_IMPLICIT_RETAIN_SELF = YES;
				CLANG_WARN_OBJC_LITERAL_CONVERSION = YES;
				CLANG_WARN_OBJC_ROOT_CLASS = YES_ERROR;
				CLANG_WARN_RANGE_LOOP_ANALYSIS = YES;
				CLANG_WARN_STRICT_PROTOTYPES = YES;
				CLANG_WARN_SUSPICIOUS_MOVE = YES;
				CLANG_WARN_UNGUARDED_AVAILABILITY = YES_AGGRESSIVE;
				CLANG_WARN_UNREACHABLE_CODE = YES;
				CLANG_WARN__DUPLICATE_METHOD_MATCH = YES;
				CODE_SIGN_IDENTITY = "iPhone Developer";
				COPY_PHASE_STRIP = NO;
				DEBUG_INFORMATION_FORMAT = "dwarf-with-dsym";
				ENABLE_NS_ASSERTIONS = NO;
				ENABLE_STRICT_OBJC_MSGSEND = YES;
				GCC_C_LANGUAGE_STANDARD = gnu11;
				GCC_NO_COMMON_BLOCKS = YES;
				GCC_WARN_64_TO_32_BIT_CONVERSION = YES;
				GCC_WARN_ABOUT_RETURN_TYPE = YES_ERROR;
				GCC_WARN_UNDECLARED_SELECTOR = YES;
				GCC_WARN_UNINITIALIZED_AUTOS = YES_AGGRESSIVE;
				GCC_WARN_UNUSED_FUNCTION = YES;
				GCC_WARN_UNUSED_VARIABLE = YES;
				IPHONEOS_DEPLOYMENT_TARGET = 11.2;
				MTL_ENABLE_DEBUG_INFO = NO;
				SDKROOT = iphoneos;
				SWIFT_OPTIMIZATION_LEVEL = "-Owholemodule";
				VALIDATE_PRODUCT = YES;
			};
			name = Release;
		};
		9696536E214031BC0002314C /* Debug */ = {
			isa = XCBuildConfiguration;
			baseConfigurationReference = 929909D8EC86E129D3E38E65 /* Pods-flix.debug.xcconfig */;
			buildSettings = {
				ASSETCATALOG_COMPILER_APPICON_NAME = AppIcon;
				CODE_SIGN_STYLE = Automatic;
				INFOPLIST_FILE = flix/Info.plist;
				LD_RUNPATH_SEARCH_PATHS = "$(inherited) @executable_path/Frameworks";
				PRODUCT_BUNDLE_IDENTIFIER = com.brandon.flix;
				PRODUCT_NAME = "$(TARGET_NAME)";
				SWIFT_VERSION = 4.0;
				TARGETED_DEVICE_FAMILY = "1,2";
			};
			name = Debug;
		};
		9696536F214031BC0002314C /* Release */ = {
			isa = XCBuildConfiguration;
			baseConfigurationReference = 31CBE3DF065DD030B03460D3 /* Pods-flix.release.xcconfig */;
			buildSettings = {
				ASSETCATALOG_COMPILER_APPICON_NAME = AppIcon;
				CODE_SIGN_STYLE = Automatic;
				INFOPLIST_FILE = flix/Info.plist;
				LD_RUNPATH_SEARCH_PATHS = "$(inherited) @executable_path/Frameworks";
				PRODUCT_BUNDLE_IDENTIFIER = com.brandon.flix;
				PRODUCT_NAME = "$(TARGET_NAME)";
				SWIFT_VERSION = 4.0;
				TARGETED_DEVICE_FAMILY = "1,2";
			};
			name = Release;
		};
		96965371214031BC0002314C /* Debug */ = {
			isa = XCBuildConfiguration;
			baseConfigurationReference = B1E83B46F3B6F9723FE2BEBC /* Pods-flixTests.debug.xcconfig */;
			buildSettings = {
				ALWAYS_EMBED_SWIFT_STANDARD_LIBRARIES = YES;
				BUNDLE_LOADER = "$(TEST_HOST)";
				CODE_SIGN_STYLE = Automatic;
				INFOPLIST_FILE = flixTests/Info.plist;
				LD_RUNPATH_SEARCH_PATHS = "$(inherited) @executable_path/Frameworks @loader_path/Frameworks";
				PRODUCT_BUNDLE_IDENTIFIER = com.brandon.flixTests;
				PRODUCT_NAME = "$(TARGET_NAME)";
				SWIFT_VERSION = 4.0;
				TARGETED_DEVICE_FAMILY = "1,2";
				TEST_HOST = "$(BUILT_PRODUCTS_DIR)/flix.app/flix";
			};
			name = Debug;
		};
		96965372214031BC0002314C /* Release */ = {
			isa = XCBuildConfiguration;
			baseConfigurationReference = 67179498316885CF15F9824C /* Pods-flixTests.release.xcconfig */;
			buildSettings = {
				ALWAYS_EMBED_SWIFT_STANDARD_LIBRARIES = YES;
				BUNDLE_LOADER = "$(TEST_HOST)";
				CODE_SIGN_STYLE = Automatic;
				INFOPLIST_FILE = flixTests/Info.plist;
				LD_RUNPATH_SEARCH_PATHS = "$(inherited) @executable_path/Frameworks @loader_path/Frameworks";
				PRODUCT_BUNDLE_IDENTIFIER = com.brandon.flixTests;
				PRODUCT_NAME = "$(TARGET_NAME)";
				SWIFT_VERSION = 4.0;
				TARGETED_DEVICE_FAMILY = "1,2";
				TEST_HOST = "$(BUILT_PRODUCTS_DIR)/flix.app/flix";
			};
			name = Release;
		};
		96965374214031BC0002314C /* Debug */ = {
			isa = XCBuildConfiguration;
			baseConfigurationReference = BADD6D5F4FD741F714B6ED41 /* Pods-flixUITests.debug.xcconfig */;
			buildSettings = {
				ALWAYS_EMBED_SWIFT_STANDARD_LIBRARIES = YES;
				CODE_SIGN_STYLE = Automatic;
				INFOPLIST_FILE = flixUITests/Info.plist;
				LD_RUNPATH_SEARCH_PATHS = "$(inherited) @executable_path/Frameworks @loader_path/Frameworks";
				PRODUCT_BUNDLE_IDENTIFIER = com.brandon.flixUITests;
				PRODUCT_NAME = "$(TARGET_NAME)";
				SWIFT_VERSION = 4.0;
				TARGETED_DEVICE_FAMILY = "1,2";
				TEST_TARGET_NAME = flix;
			};
			name = Debug;
		};
		96965375214031BC0002314C /* Release */ = {
			isa = XCBuildConfiguration;
			baseConfigurationReference = A4C9A4C03180288293DAD9C6 /* Pods-flixUITests.release.xcconfig */;
			buildSettings = {
				ALWAYS_EMBED_SWIFT_STANDARD_LIBRARIES = YES;
				CODE_SIGN_STYLE = Automatic;
				INFOPLIST_FILE = flixUITests/Info.plist;
				LD_RUNPATH_SEARCH_PATHS = "$(inherited) @executable_path/Frameworks @loader_path/Frameworks";
				PRODUCT_BUNDLE_IDENTIFIER = com.brandon.flixUITests;
				PRODUCT_NAME = "$(TARGET_NAME)";
				SWIFT_VERSION = 4.0;
				TARGETED_DEVICE_FAMILY = "1,2";
				TEST_TARGET_NAME = flix;
			};
			name = Release;
		};
/* End XCBuildConfiguration section */

/* Begin XCConfigurationList section */
		96965340214031BC0002314C /* Build configuration list for PBXProject "flix" */ = {
			isa = XCConfigurationList;
			buildConfigurations = (
				9696536B214031BC0002314C /* Debug */,
				9696536C214031BC0002314C /* Release */,
			);
			defaultConfigurationIsVisible = 0;
			defaultConfigurationName = Release;
		};
		9696536D214031BC0002314C /* Build configuration list for PBXNativeTarget "flix" */ = {
			isa = XCConfigurationList;
			buildConfigurations = (
				9696536E214031BC0002314C /* Debug */,
				9696536F214031BC0002314C /* Release */,
			);
			defaultConfigurationIsVisible = 0;
			defaultConfigurationName = Release;
		};
		96965370214031BC0002314C /* Build configuration list for PBXNativeTarget "flixTests" */ = {
			isa = XCConfigurationList;
			buildConfigurations = (
				96965371214031BC0002314C /* Debug */,
				96965372214031BC0002314C /* Release */,
			);
			defaultConfigurationIsVisible = 0;
			defaultConfigurationName = Release;
		};
		96965373214031BC0002314C /* Build configuration list for PBXNativeTarget "flixUITests" */ = {
			isa = XCConfigurationList;
			buildConfigurations = (
				96965374214031BC0002314C /* Debug */,
				96965375214031BC0002314C /* Release */,
			);
			defaultConfigurationIsVisible = 0;
			defaultConfigurationName = Release;
		};
/* End XCConfigurationList section */
	};
	rootObject = 9696533D214031BC0002314C /* Project object */;
}
